
Microsoft Visual Studio Solution File, Format Version 12.00
# Visual Studio Version 17
VisualStudioVersion = 17.7.34031.279
MinimumVisualStudioVersion = 10.0.40219.1
Project("{9A19103F-16F7-4668-BE54-9A1E7A4F7556}") = "NunesSports", "NunesSports\NunesSports.csproj", "{A79A34C5-4F0B-4023-AB0F-050D98CCBB63}"
EndProject
Global
	GlobalSection(SolutionConfigurationPlatforms) = preSolution
		Debug|Any CPU = Debug|Any CPU
		Release|Any CPU = Release|Any CPU
	EndGlobalSection
	GlobalSection(ProjectConfigurationPlatforms) = postSolution
		{A79A34C5-4F0B-4023-AB0F-050D98CCBB63}.Debug|Any CPU.ActiveCfg = Debug|Any CPU
		{A79A34C5-4F0B-4023-AB0F-050D98CCBB63}.Debug|Any CPU.Build.0 = Debug|Any CPU
		{A79A34C5-4F0B-4023-AB0F-050D98CCBB63}.Release|Any CPU.ActiveCfg = Release|Any CPU
		{A79A34C5-4F0B-4023-AB0F-050D98CCBB63}.Release|Any CPU.Build.0 = Release|Any CPU
	EndGlobalSection
	GlobalSection(SolutionProperties) = preSolution
		HideSolutionNode = FALSE
	EndGlobalSection
	GlobalSection(ExtensibilityGlobals) = postSolution
		SolutionGuid = {303BB1E8-E5BF-4640-8CD7-66CFF3555210}
	EndGlobalSection
EndGlobal
